
Microsoft Visual Studio Solution File, Format Version 12.00
# Visual Studio 15
VisualStudioVersion = 15.0.26430.15
MinimumVisualStudioVersion = 10.0.40219.1
Project("{FAE04EC0-301F-11D3-BF4B-00C04F79EFBC}") = "TreeBuilder", "TreeBuilder\TreeBuilder.csproj", "{A1653CF3-6B89-45C6-A137-D64A0918F336}"
EndProject
Project("{FAE04EC0-301F-11D3-BF4B-00C04F79EFBC}") = "TreeBuilder.Tests", "TreeBuilder.Tests\TreeBuilder.Tests.csproj", "{B6C4557D-5C46-4D1B-9F8A-B2B836E10AFB}"
EndProject
Global
	GlobalSection(SolutionConfigurationPlatforms) = preSolution
		Debug|Any CPU = Debug|Any CPU
		Release|Any CPU = Release|Any CPU
	EndGlobalSection
	GlobalSection(ProjectConfigurationPlatforms) = postSolution
		{A1653CF3-6B89-45C6-A137-D64A0918F336}.Debug|Any CPU.ActiveCfg = Debug|Any CPU
		{A1653CF3-6B89-45C6-A137-D64A0918F336}.Debug|Any CPU.Build.0 = Debug|Any CPU
		{A1653CF3-6B89-45C6-A137-D64A0918F336}.Release|Any CPU.ActiveCfg = Release|Any CPU
		{A1653CF3-6B89-45C6-A137-D64A0918F336}.Release|Any CPU.Build.0 = Release|Any CPU
		{B6C4557D-5C46-4D1B-9F8A-B2B836E10AFB}.Debug|Any CPU.ActiveCfg = Debug|Any CPU
		{B6C4557D-5C46-4D1B-9F8A-B2B836E10AFB}.Debug|Any CPU.Build.0 = Debug|Any CPU
		{B6C4557D-5C46-4D1B-9F8A-B2B836E10AFB}.Release|Any CPU.ActiveCfg = Release|Any CPU
		{B6C4557D-5C46-4D1B-9F8A-B2B836E10AFB}.Release|Any CPU.Build.0 = Release|Any CPU
	EndGlobalSection
	GlobalSection(SolutionProperties) = preSolution
		HideSolutionNode = FALSE
	EndGlobalSection
EndGlobal
